# generated by rye
# use `rye lock` or `rye sync` to update this lockfile
#
# last locked with the following flags:
#   pre: false
#   features: []
#   all-features: false
#   with-sources: false

-e file:.
aiohttp==3.9.5
    # via weatherflow4py
aiosignal==1.3.1
    # via aiohttp
attrs==23.2.0
    # via aiohttp
dataclasses-json==0.6.4
    # via weatherflow4py
frozenlist==1.4.1
    # via aiohttp
    # via aiosignal
idna==3.7
    # via yarl
marshmallow==3.21.1
    # via dataclasses-json
    # via weatherflow4py
multidict==6.0.5
    # via aiohttp
    # via yarl
mypy-extensions==1.0.0
    # via typing-inspect
packaging==24.0
    # via marshmallow
typing-extensions==4.11.0
    # via typing-inspect
typing-inspect==0.9.0
    # via dataclasses-json
websockets==12.0
    # via weatherflow4py
yarl==1.9.4
    # via aiohttp
